// !$*UTF8*$!
{
	archiveVersion = 1;
	classes = {
	};
	objectVersion = 46;
	objects = {

/* Begin PBXBuildFile section */
		1402C31517832EBA00A5E054 /* PointSpritesShader.fsh in Resources */ = {isa = PBXBuildFile; fileRef = 1402C311178307FC00A5E054 /* PointSpritesShader.fsh */; };
		1402C31617832EBA00A5E054 /* PointSpritesShader.vsh in Resources */ = {isa = PBXBuildFile; fileRef = 1402C312178307FC00A5E054 /* PointSpritesShader.vsh */; };
		1408EBCF1754429900462F62 /* Match.m in Sources */ = {isa = PBXBuildFile; fileRef = 1408EBCC1754429900462F62 /* Match.m */; };
		1408EBD01754429900462F62 /* Round.m in Sources */ = {isa = PBXBuildFile; fileRef = 1408EBCE1754429900462F62 /* Round.m */; };
		141CA13717889A1C005C1D59 /* GLRendererManager.m in Sources */ = {isa = PBXBuildFile; fileRef = 141CA13617889A1C005C1D59 /* GLRendererManager.m */; };
		141E4AB11738B22700A5F515 /* GCHelper.m in Sources */ = {isa = PBXBuildFile; fileRef = 141E4AB01738B22700A5F515 /* GCHelper.m */; };
		141E690A179CD9E000D330A0 /* close.png in Resources */ = {isa = PBXBuildFile; fileRef = 141E6908179CD9E000D330A0 /* close.png */; };
		141E690B179CD9E000D330A0 /* close@2X.png in Resources */ = {isa = PBXBuildFile; fileRef = 141E6909179CD9E000D330A0 /* close@2X.png */; };
		141E690F179D43FF00D330A0 /* NewsGoth.ttf in Resources */ = {isa = PBXBuildFile; fileRef = 141E690E179D43CC00D330A0 /* NewsGoth.ttf */; };
		142916CA1783AB9100B128EA /* GLActivityIndicator.m in Sources */ = {isa = PBXBuildFile; fileRef = 142916C91783AB9100B128EA /* GLActivityIndicator.m */; };
		142916CE1784724C00B128EA /* GameScene.m in Sources */ = {isa = PBXBuildFile; fileRef = 142916CD1784724C00B128EA /* GameScene.m */; };
		142916D11784727200B128EA /* MainMenuScene.m in Sources */ = {isa = PBXBuildFile; fileRef = 142916D01784727200B128EA /* MainMenuScene.m */; };
		142916DA17848B6D00B128EA /* Tile.m in Sources */ = {isa = PBXBuildFile; fileRef = 142916D617848B6D00B128EA /* Tile.m */; };
		142916DB17848B6D00B128EA /* TileControl.m in Sources */ = {isa = PBXBuildFile; fileRef = 142916D817848B6D00B128EA /* TileControl.m */; };
		142916DE17848BC200B128EA /* ScoreControl.m in Sources */ = {isa = PBXBuildFile; fileRef = 142916DD17848BC200B128EA /* ScoreControl.m */; };
		142916E117858A9F00B128EA /* ElasticCounter.m in Sources */ = {isa = PBXBuildFile; fileRef = 142916E017858A9F00B128EA /* ElasticCounter.m */; };
		14362C75172F4A2F00277C93 /* NEONMatrix.c in Sources */ = {isa = PBXBuildFile; fileRef = 14362C73172F4A2F00277C93 /* NEONMatrix.c */; };
		1445DC8216F97AD600EBBCCF /* Animation.m in Sources */ = {isa = PBXBuildFile; fileRef = 1445DC2B16F97AD600EBBCCF /* Animation.m */; };
		1445DC8316F97AD600EBBCCF /* Animator.m in Sources */ = {isa = PBXBuildFile; fileRef = 1445DC2D16F97AD600EBBCCF /* Animator.m */; };
		1445DC8416F97AD600EBBCCF /* EasingFunctions.m in Sources */ = {isa = PBXBuildFile; fileRef = 1445DC2F16F97AD600EBBCCF /* EasingFunctions.m */; };
		1445DC8516F97AD600EBBCCF /* GLDirector.m in Sources */ = {isa = PBXBuildFile; fileRef = 1445DC3216F97AD600EBBCCF /* GLDirector.m */; };
		1445DC8616F97AD600EBBCCF /* GLScene.m in Sources */ = {isa = PBXBuildFile; fileRef = 1445DC3616F97AD600EBBCCF /* GLScene.m */; };
		1445DC8816F97AD600EBBCCF /* GLElement.m in Sources */ = {isa = PBXBuildFile; fileRef = 1445DC3B16F97AD600EBBCCF /* GLElement.m */; };
		1445DC8916F97AD600EBBCCF /* OpenGLESView.m in Sources */ = {isa = PBXBuildFile; fileRef = 1445DC3F16F97AD600EBBCCF /* OpenGLESView.m */; };
		1445DC8A16F97AD600EBBCCF /* OpenGLViewController.m in Sources */ = {isa = PBXBuildFile; fileRef = 1445DC4116F97AD600EBBCCF /* OpenGLViewController.m */; };
		1445DC8B16F97AD600EBBCCF /* Texture2D.m in Sources */ = {isa = PBXBuildFile; fileRef = 1445DC4316F97AD600EBBCCF /* Texture2D.m */; };
		1445DC8C16F97AD600EBBCCF /* TextureManager.m in Sources */ = {isa = PBXBuildFile; fileRef = 1445DC4516F97AD600EBBCCF /* TextureManager.m */; };
		1445DC9116F97AD600EBBCCF /* GLShaderManager.m in Sources */ = {isa = PBXBuildFile; fileRef = 1445DC4F16F97AD600EBBCCF /* GLShaderManager.m */; };
		1445DC9216F97AD600EBBCCF /* GLShaderProgram.m in Sources */ = {isa = PBXBuildFile; fileRef = 1445DC5116F97AD600EBBCCF /* GLShaderProgram.m */; };
		1445DC9316F97AD600EBBCCF /* MVPMatrixManager.m in Sources */ = {isa = PBXBuildFile; fileRef = 1445DC5316F97AD600EBBCCF /* MVPMatrixManager.m */; };
		1445DC9A16F97AD600EBBCCF /* MyOpenALSupport.c in Sources */ = {isa = PBXBuildFile; fileRef = 1445DC5F16F97AD600EBBCCF /* MyOpenALSupport.c */; };
		1445DC9B16F97AD600EBBCCF /* SoundManager.m in Sources */ = {isa = PBXBuildFile; fileRef = 1445DC6216F97AD600EBBCCF /* SoundManager.m */; };
		1445DC9D16F97AD600EBBCCF /* FontSpriteSheet.m in Sources */ = {isa = PBXBuildFile; fileRef = 1445DC6816F97AD600EBBCCF /* FontSpriteSheet.m */; };
		1445DC9F16F97AD700EBBCCF /* Dictionary.m in Sources */ = {isa = PBXBuildFile; fileRef = 1445DC6D16F97AD600EBBCCF /* Dictionary.m */; };
		1445DCA516F97AD700EBBCCF /* Default-568h@2x.png in Resources */ = {isa = PBXBuildFile; fileRef = 1445DC7916F97AD600EBBCCF /* Default-568h@2x.png */; };
		1445DCA616F97AD700EBBCCF /* Default.png in Resources */ = {isa = PBXBuildFile; fileRef = 1445DC7A16F97AD600EBBCCF /* Default.png */; };
		1445DCA716F97AD700EBBCCF /* Default@2x.png in Resources */ = {isa = PBXBuildFile; fileRef = 1445DC7B16F97AD600EBBCCF /* Default@2x.png */; };
		1445DCA816F97AD700EBBCCF /* shadow.png in Resources */ = {isa = PBXBuildFile; fileRef = 1445DC7C16F97AD600EBBCCF /* shadow.png */; };
		1445DCA916F97AD700EBBCCF /* shadow@2X.png in Resources */ = {isa = PBXBuildFile; fileRef = 1445DC7D16F97AD600EBBCCF /* shadow@2X.png */; };
		1445DCAA16F97AD700EBBCCF /* bip1.aiff in Resources */ = {isa = PBXBuildFile; fileRef = 1445DC7F16F97AD600EBBCCF /* bip1.aiff */; };
		1445DCAB16F97AD700EBBCCF /* bip2.aiff in Resources */ = {isa = PBXBuildFile; fileRef = 1445DC8016F97AD600EBBCCF /* bip2.aiff */; };
		1445DCAE16F97B0700EBBCCF /* Dabble-Info.plist in Resources */ = {isa = PBXBuildFile; fileRef = 1445DCAD16F97B0700EBBCCF /* Dabble-Info.plist */; };
		1445DCB416F97B8300EBBCCF /* main.m in Sources */ = {isa = PBXBuildFile; fileRef = 1445DCB116F97B3700EBBCCF /* main.m */; };
		1445DCB516F97B8900EBBCCF /* AppDelegate.m in Sources */ = {isa = PBXBuildFile; fileRef = 1445DCB016F97B3700EBBCCF /* AppDelegate.m */; };
		1445DCBB16F97C1600EBBCCF /* ColorShader.fsh in Resources */ = {isa = PBXBuildFile; fileRef = 1445DC4816F97AD600EBBCCF /* ColorShader.fsh */; };
		1445DCBC16F97C1700EBBCCF /* InstancedColorShader.vsh in Resources */ = {isa = PBXBuildFile; fileRef = 1445DC4B16F97AD600EBBCCF /* InstancedColorShader.vsh */; };
		144D9CE817042B3500F6EE15 /* Lato-Bol.ttf in Resources */ = {isa = PBXBuildFile; fileRef = 144D9CE717042AF400F6EE15 /* Lato-Bol.ttf */; };
		145EF9F817132320007CF929 /* FontSpriteSheetManager.m in Sources */ = {isa = PBXBuildFile; fileRef = 145EF9F717132320007CF929 /* FontSpriteSheetManager.m */; };
		1464725F16D27801000C8FB4 /* UIKit.framework in Frameworks */ = {isa = PBXBuildFile; fileRef = 1464725E16D27801000C8FB4 /* UIKit.framework */; };
		1464726116D27801000C8FB4 /* Foundation.framework in Frameworks */ = {isa = PBXBuildFile; fileRef = 1464726016D27801000C8FB4 /* Foundation.framework */; };
		1464726316D27801000C8FB4 /* CoreGraphics.framework in Frameworks */ = {isa = PBXBuildFile; fileRef = 1464726216D27801000C8FB4 /* CoreGraphics.framework */; };
		146472CC16D278B5000C8FB4 /* AudioToolbox.framework in Frameworks */ = {isa = PBXBuildFile; fileRef = 146472C616D278B5000C8FB4 /* AudioToolbox.framework */; };
		146472CD16D278B5000C8FB4 /* AVFoundation.framework in Frameworks */ = {isa = PBXBuildFile; fileRef = 146472C716D278B5000C8FB4 /* AVFoundation.framework */; };
		146472CE16D278B5000C8FB4 /* CoreAudio.framework in Frameworks */ = {isa = PBXBuildFile; fileRef = 146472C816D278B5000C8FB4 /* CoreAudio.framework */; };
		146472CF16D278B5000C8FB4 /* OpenAL.framework in Frameworks */ = {isa = PBXBuildFile; fileRef = 146472C916D278B5000C8FB4 /* OpenAL.framework */; };
		146472D016D278B5000C8FB4 /* OpenGLES.framework in Frameworks */ = {isa = PBXBuildFile; fileRef = 146472CA16D278B5000C8FB4 /* OpenGLES.framework */; };
		146472D116D278B5000C8FB4 /* QuartzCore.framework in Frameworks */ = {isa = PBXBuildFile; fileRef = 146472CB16D278B5000C8FB4 /* QuartzCore.framework */; };
		146472D616D278F0000C8FB4 /* GameKit.framework in Frameworks */ = {isa = PBXBuildFile; fileRef = 146472D516D278F0000C8FB4 /* GameKit.framework */; };
		14668F7317887DA800C67D32 /* GLRenderer.m in Sources */ = {isa = PBXBuildFile; fileRef = 14668F7217887DA800C67D32 /* GLRenderer.m */; };
		1470B0941791C13A0009D5A4 /* icon@2X.png in Resources */ = {isa = PBXBuildFile; fileRef = 1470B08E1791B5F40009D5A4 /* icon@2X.png */; };
		1470B0951791C13F0009D5A4 /* icon.png in Resources */ = {isa = PBXBuildFile; fileRef = 1470B08D1791B5F40009D5A4 /* icon.png */; };
		14817044171F0A510058FE43 /* TextureShader.fsh in Resources */ = {isa = PBXBuildFile; fileRef = 1481703E171F0A2B0058FE43 /* TextureShader.fsh */; };
		14817045171F0A540058FE43 /* InstancedTextureShader.vsh in Resources */ = {isa = PBXBuildFile; fileRef = 1481703F171F0A2B0058FE43 /* InstancedTextureShader.vsh */; };
		148295F31799023C00CEF2B2 /* GLButton.m in Sources */ = {isa = PBXBuildFile; fileRef = 148295F21799023C00CEF2B2 /* GLButton.m */; };
		148295F5179906D900CEF2B2 /* ColorShader.vsh in Sources */ = {isa = PBXBuildFile; fileRef = 148295F4179906D900CEF2B2 /* ColorShader.vsh */; };
		148295F6179906EE00CEF2B2 /* ColorShader.vsh in Resources */ = {isa = PBXBuildFile; fileRef = 148295F4179906D900CEF2B2 /* ColorShader.vsh */; };
		149D383C175883440067A122 /* UITouch+GLElement.m in Sources */ = {isa = PBXBuildFile; fileRef = 149D383B175883440067A122 /* UITouch+GLElement.m */; };
		149E94E4177C945E00953092 /* tile.png in Resources */ = {isa = PBXBuildFile; fileRef = 149E94E2177C945E00953092 /* tile.png */; };
		149E94E5177C945E00953092 /* tile@2X.png in Resources */ = {isa = PBXBuildFile; fileRef = 149E94E3177C945E00953092 /* tile@2X.png */; };
		14BAF91017907E0200FF8407 /* StringTextureShader.fsh in Resources */ = {isa = PBXBuildFile; fileRef = 14BAF90E17907D0200FF8407 /* StringTextureShader.fsh */; };
		14BC3F35179963E400EF5386 /* TextureShader.vsh in Sources */ = {isa = PBXBuildFile; fileRef = 14BC3F34179963E400EF5386 /* TextureShader.vsh */; };
		14BC3F361799641100EF5386 /* TextureShader.vsh in Resources */ = {isa = PBXBuildFile; fileRef = 14BC3F34179963E400EF5386 /* TextureShader.vsh */; };
		14BC3F3A1799AB8A00EF5386 /* CloseButton.m in Sources */ = {isa = PBXBuildFile; fileRef = 14BC3F391799AB8A00EF5386 /* CloseButton.m */; };
		14C0F4051703311100F6D422 /* NSArray+Additions.m in Sources */ = {isa = PBXBuildFile; fileRef = 14C0F4041703311100F6D422 /* NSArray+Additions.m */; };
		14D4248E1700255C0010657A /* sprite.png in Resources */ = {isa = PBXBuildFile; fileRef = 14D4248D1700255C0010657A /* sprite.png */; };
		14F1197A170297E400721BEE /* w3 in Resources */ = {isa = PBXBuildFile; fileRef = 14F11977170297E400721BEE /* w3 */; };
		14F1197B170297E400721BEE /* w4 in Resources */ = {isa = PBXBuildFile; fileRef = 14F11978170297E400721BEE /* w4 */; };
		14F1197C170297E400721BEE /* w5 in Resources */ = {isa = PBXBuildFile; fileRef = 14F11979170297E400721BEE /* w5 */; };
		14F119841702A0A400721BEE /* DirectoryReader.m in Sources */ = {isa = PBXBuildFile; fileRef = 14F1197F1702A0A400721BEE /* DirectoryReader.m */; };
		14F119851702A0A400721BEE /* FileReader.m in Sources */ = {isa = PBXBuildFile; fileRef = 14F119811702A0A400721BEE /* FileReader.m */; };
		14F119861702A0A400721BEE /* NSDataExtensions.m in Sources */ = {isa = PBXBuildFile; fileRef = 14F119831702A0A400721BEE /* NSDataExtensions.m */; };
/* End PBXBuildFile section */

/* Begin PBXFileReference section */
		1402C311178307FC00A5E054 /* PointSpritesShader.fsh */ = {isa = PBXFileReference; fileEncoding = 4; lastKnownFileType = sourcecode.glsl; path = PointSpritesShader.fsh; sourceTree = "<group>"; };
		1402C312178307FC00A5E054 /* PointSpritesShader.vsh */ = {isa = PBXFileReference; fileEncoding = 4; lastKnownFileType = sourcecode.glsl; path = PointSpritesShader.vsh; sourceTree = "<group>"; };
		1408EBCB1754429900462F62 /* Match.h */ = {isa = PBXFileReference; fileEncoding = 4; lastKnownFileType = sourcecode.c.h; path = Match.h; sourceTree = "<group>"; };
		1408EBCC1754429900462F62 /* Match.m */ = {isa = PBXFileReference; fileEncoding = 4; lastKnownFileType = sourcecode.c.objc; path = Match.m; sourceTree = "<group>"; };
		1408EBCD1754429900462F62 /* Round.h */ = {isa = PBXFileReference; fileEncoding = 4; lastKnownFileType = sourcecode.c.h; path = Round.h; sourceTree = "<group>"; };
		1408EBCE1754429900462F62 /* Round.m */ = {isa = PBXFileReference; fileEncoding = 4; lastKnownFileType = sourcecode.c.objc; path = Round.m; sourceTree = "<group>"; };
		141CA13517889A1C005C1D59 /* GLRendererManager.h */ = {isa = PBXFileReference; fileEncoding = 4; lastKnownFileType = sourcecode.c.h; path = GLRendererManager.h; sourceTree = "<group>"; };
		141CA13617889A1C005C1D59 /* GLRendererManager.m */ = {isa = PBXFileReference; fileEncoding = 4; lastKnownFileType = sourcecode.c.objc; path = GLRendererManager.m; sourceTree = "<group>"; };
		141E4AAF1738B22700A5F515 /* GCHelper.h */ = {isa = PBXFileReference; fileEncoding = 4; lastKnownFileType = sourcecode.c.h; path = GCHelper.h; sourceTree = "<group>"; };
		141E4AB01738B22700A5F515 /* GCHelper.m */ = {isa = PBXFileReference; fileEncoding = 4; lastKnownFileType = sourcecode.c.objc; path = GCHelper.m; sourceTree = "<group>"; };
		141E6908179CD9E000D330A0 /* close.png */ = {isa = PBXFileReference; lastKnownFileType = image.png; path = close.png; sourceTree = "<group>"; };
		141E6909179CD9E000D330A0 /* close@2X.png */ = {isa = PBXFileReference; lastKnownFileType = image.png; path = "close@2X.png"; sourceTree = "<group>"; };
		141E690E179D43CC00D330A0 /* NewsGoth.ttf */ = {isa = PBXFileReference; lastKnownFileType = file; path = NewsGoth.ttf; sourceTree = "<group>"; };
		142916C81783AB9100B128EA /* GLActivityIndicator.h */ = {isa = PBXFileReference; fileEncoding = 4; lastKnownFileType = sourcecode.c.h; path = GLActivityIndicator.h; sourceTree = "<group>"; };
		142916C91783AB9100B128EA /* GLActivityIndicator.m */ = {isa = PBXFileReference; fileEncoding = 4; lastKnownFileType = sourcecode.c.objc; path = GLActivityIndicator.m; sourceTree = "<group>"; };
		142916CC1784724C00B128EA /* GameScene.h */ = {isa = PBXFileReference; fileEncoding = 4; lastKnownFileType = sourcecode.c.h; path = GameScene.h; sourceTree = "<group>"; };
		142916CD1784724C00B128EA /* GameScene.m */ = {isa = PBXFileReference; fileEncoding = 4; lastKnownFileType = sourcecode.c.objc; path = GameScene.m; sourceTree = "<group>"; };
		142916CF1784727200B128EA /* MainMenuScene.h */ = {isa = PBXFileReference; fileEncoding = 4; lastKnownFileType = sourcecode.c.h; path = MainMenuScene.h; sourceTree = "<group>"; };
		142916D01784727200B128EA /* MainMenuScene.m */ = {isa = PBXFileReference; fileEncoding = 4; lastKnownFileType = sourcecode.c.objc; path = MainMenuScene.m; sourceTree = "<group>"; };
		142916D517848B6D00B128EA /* Tile.h */ = {isa = PBXFileReference; fileEncoding = 4; lastKnownFileType = sourcecode.c.h; path = Tile.h; sourceTree = "<group>"; };
		142916D617848B6D00B128EA /* Tile.m */ = {isa = PBXFileReference; fileEncoding = 4; lastKnownFileType = sourcecode.c.objc; path = Tile.m; sourceTree = "<group>"; };
		142916D717848B6D00B128EA /* TileControl.h */ = {isa = PBXFileReference; fileEncoding = 4; lastKnownFileType = sourcecode.c.h; path = TileControl.h; sourceTree = "<group>"; };
		142916D817848B6D00B128EA /* TileControl.m */ = {isa = PBXFileReference; fileEncoding = 4; lastKnownFileType = sourcecode.c.objc; path = TileControl.m; sourceTree = "<group>"; };
		142916DC17848BC200B128EA /* ScoreControl.h */ = {isa = PBXFileReference; fileEncoding = 4; lastKnownFileType = sourcecode.c.h; path = ScoreControl.h; sourceTree = "<group>"; };
		142916DD17848BC200B128EA /* ScoreControl.m */ = {isa = PBXFileReference; fileEncoding = 4; lastKnownFileType = sourcecode.c.objc; path = ScoreControl.m; sourceTree = "<group>"; };
		142916DF17858A9F00B128EA /* ElasticCounter.h */ = {isa = PBXFileReference; fileEncoding = 4; lastKnownFileType = sourcecode.c.h; path = ElasticCounter.h; sourceTree = "<group>"; };
		142916E017858A9F00B128EA /* ElasticCounter.m */ = {isa = PBXFileReference; fileEncoding = 4; lastKnownFileType = sourcecode.c.objc; path = ElasticCounter.m; sourceTree = "<group>"; };
		14362C73172F4A2F00277C93 /* NEONMatrix.c */ = {isa = PBXFileReference; fileEncoding = 4; lastKnownFileType = sourcecode.c.c; path = NEONMatrix.c; sourceTree = "<group>"; };
		14362C74172F4A2F00277C93 /* NEONMatrix.h */ = {isa = PBXFileReference; fileEncoding = 4; lastKnownFileType = sourcecode.c.h; path = NEONMatrix.h; sourceTree = "<group>"; };
		1445DC2A16F97AD600EBBCCF /* Animation.h */ = {isa = PBXFileReference; fileEncoding = 4; lastKnownFileType = sourcecode.c.h; path = Animation.h; sourceTree = "<group>"; };
		1445DC2B16F97AD600EBBCCF /* Animation.m */ = {isa = PBXFileReference; fileEncoding = 4; lastKnownFileType = sourcecode.c.objc; path = Animation.m; sourceTree = "<group>"; };
		1445DC2C16F97AD600EBBCCF /* Animator.h */ = {isa = PBXFileReference; fileEncoding = 4; lastKnownFileType = sourcecode.c.h; path = Animator.h; sourceTree = "<group>"; };
		1445DC2D16F97AD600EBBCCF /* Animator.m */ = {isa = PBXFileReference; fileEncoding = 4; lastKnownFileType = sourcecode.c.objc; path = Animator.m; sourceTree = "<group>"; };
		1445DC2E16F97AD600EBBCCF /* EasingFunctions.h */ = {isa = PBXFileReference; fileEncoding = 4; lastKnownFileType = sourcecode.c.h; path = EasingFunctions.h; sourceTree = "<group>"; };
		1445DC2F16F97AD600EBBCCF /* EasingFunctions.m */ = {isa = PBXFileReference; fileEncoding = 4; lastKnownFileType = sourcecode.c.objc; path = EasingFunctions.m; sourceTree = "<group>"; };
		1445DC3116F97AD600EBBCCF /* GLDirector.h */ = {isa = PBXFileReference; fileEncoding = 4; lastKnownFileType = sourcecode.c.h; path = GLDirector.h; sourceTree = "<group>"; };
		1445DC3216F97AD600EBBCCF /* GLDirector.m */ = {isa = PBXFileReference; fileEncoding = 4; lastKnownFileType = sourcecode.c.objc; path = GLDirector.m; sourceTree = "<group>"; };
		1445DC3316F97AD600EBBCCF /* GLCommon.h */ = {isa = PBXFileReference; fileEncoding = 4; lastKnownFileType = sourcecode.c.h; path = GLCommon.h; sourceTree = "<group>"; };
		1445DC3516F97AD600EBBCCF /* GLScene.h */ = {isa = PBXFileReference; fileEncoding = 4; lastKnownFileType = sourcecode.c.h; path = GLScene.h; sourceTree = "<group>"; };
		1445DC3616F97AD600EBBCCF /* GLScene.m */ = {isa = PBXFileReference; fileEncoding = 4; lastKnownFileType = sourcecode.c.objc; path = GLScene.m; sourceTree = "<group>"; };
		1445DC3A16F97AD600EBBCCF /* GLElement.h */ = {isa = PBXFileReference; fileEncoding = 4; lastKnownFileType = sourcecode.c.h; path = GLElement.h; sourceTree = "<group>"; };
		1445DC3B16F97AD600EBBCCF /* GLElement.m */ = {isa = PBXFileReference; fileEncoding = 4; lastKnownFileType = sourcecode.c.objc; path = GLElement.m; sourceTree = "<group>"; };
		1445DC3D16F97AD600EBBCCF /* GraphicsFramework.h */ = {isa = PBXFileReference; fileEncoding = 4; lastKnownFileType = sourcecode.c.h; path = GraphicsFramework.h; sourceTree = "<group>"; };
		1445DC3E16F97AD600EBBCCF /* OpenGLESView.h */ = {isa = PBXFileReference; fileEncoding = 4; lastKnownFileType = sourcecode.c.h; path = OpenGLESView.h; sourceTree = "<group>"; };
		1445DC3F16F97AD600EBBCCF /* OpenGLESView.m */ = {isa = PBXFileReference; fileEncoding = 4; lastKnownFileType = sourcecode.c.objc; path = OpenGLESView.m; sourceTree = "<group>"; };
		1445DC4016F97AD600EBBCCF /* OpenGLViewController.h */ = {isa = PBXFileReference; fileEncoding = 4; lastKnownFileType = sourcecode.c.h; path = OpenGLViewController.h; sourceTree = "<group>"; };
		1445DC4116F97AD600EBBCCF /* OpenGLViewController.m */ = {isa = PBXFileReference; fileEncoding = 4; lastKnownFileType = sourcecode.c.objc; path = OpenGLViewController.m; sourceTree = "<group>"; };
		1445DC4216F97AD600EBBCCF /* Texture2D.h */ = {isa = PBXFileReference; fileEncoding = 4; lastKnownFileType = sourcecode.c.h; path = Texture2D.h; sourceTree = "<group>"; };
		1445DC4316F97AD600EBBCCF /* Texture2D.m */ = {isa = PBXFileReference; fileEncoding = 4; lastKnownFileType = sourcecode.c.objc; path = Texture2D.m; sourceTree = "<group>"; };
		1445DC4416F97AD600EBBCCF /* TextureManager.h */ = {isa = PBXFileReference; fileEncoding = 4; lastKnownFileType = sourcecode.c.h; path = TextureManager.h; sourceTree = "<group>"; };
		1445DC4516F97AD600EBBCCF /* TextureManager.m */ = {isa = PBXFileReference; fileEncoding = 4; lastKnownFileType = sourcecode.c.objc; path = TextureManager.m; sourceTree = "<group>"; };
		1445DC4816F97AD600EBBCCF /* ColorShader.fsh */ = {isa = PBXFileReference; fileEncoding = 4; lastKnownFileType = sourcecode.glsl; path = ColorShader.fsh; sourceTree = "<group>"; };
		1445DC4B16F97AD600EBBCCF /* InstancedColorShader.vsh */ = {isa = PBXFileReference; fileEncoding = 4; lastKnownFileType = sourcecode.glsl; path = InstancedColorShader.vsh; sourceTree = "<group>"; };
		1445DC4E16F97AD600EBBCCF /* GLShaderManager.h */ = {isa = PBXFileReference; fileEncoding = 4; lastKnownFileType = sourcecode.c.h; path = GLShaderManager.h; sourceTree = "<group>"; };
		1445DC4F16F97AD600EBBCCF /* GLShaderManager.m */ = {isa = PBXFileReference; fileEncoding = 4; lastKnownFileType = sourcecode.c.objc; path = GLShaderManager.m; sourceTree = "<group>"; };
		1445DC5016F97AD600EBBCCF /* GLShaderProgram.h */ = {isa = PBXFileReference; fileEncoding = 4; lastKnownFileType = sourcecode.c.h; path = GLShaderProgram.h; sourceTree = "<group>"; };
		1445DC5116F97AD600EBBCCF /* GLShaderProgram.m */ = {isa = PBXFileReference; fileEncoding = 4; lastKnownFileType = sourcecode.c.objc; path = GLShaderProgram.m; sourceTree = "<group>"; };
		1445DC5216F97AD600EBBCCF /* MVPMatrixManager.h */ = {isa = PBXFileReference; fileEncoding = 4; lastKnownFileType = sourcecode.c.h; path = MVPMatrixManager.h; sourceTree = "<group>"; };
		1445DC5316F97AD600EBBCCF /* MVPMatrixManager.m */ = {isa = PBXFileReference; fileEncoding = 4; lastKnownFileType = sourcecode.c.objc; path = MVPMatrixManager.m; sourceTree = "<group>"; };
		1445DC5F16F97AD600EBBCCF /* MyOpenALSupport.c */ = {isa = PBXFileReference; fileEncoding = 4; lastKnownFileType = sourcecode.c.c; path = MyOpenALSupport.c; sourceTree = "<group>"; };
		1445DC6016F97AD600EBBCCF /* MyOpenALSupport.h */ = {isa = PBXFileReference; fileEncoding = 4; lastKnownFileType = sourcecode.c.h; path = MyOpenALSupport.h; sourceTree = "<group>"; };
		1445DC6116F97AD600EBBCCF /* SoundManager.h */ = {isa = PBXFileReference; fileEncoding = 4; lastKnownFileType = sourcecode.c.h; path = SoundManager.h; sourceTree = "<group>"; };
		1445DC6216F97AD600EBBCCF /* SoundManager.m */ = {isa = PBXFileReference; fileEncoding = 4; lastKnownFileType = sourcecode.c.objc; path = SoundManager.m; sourceTree = "<group>"; };
		1445DC6316F97AD600EBBCCF /* SynthesizeSingleton.h */ = {isa = PBXFileReference; fileEncoding = 4; lastKnownFileType = sourcecode.c.h; path = SynthesizeSingleton.h; sourceTree = "<group>"; };
		1445DC6716F97AD600EBBCCF /* FontSpriteSheet.h */ = {isa = PBXFileReference; fileEncoding = 4; lastKnownFileType = sourcecode.c.h; path = FontSpriteSheet.h; sourceTree = "<group>"; };
		1445DC6816F97AD600EBBCCF /* FontSpriteSheet.m */ = {isa = PBXFileReference; fileEncoding = 4; lastKnownFileType = sourcecode.c.objc; path = FontSpriteSheet.m; sourceTree = "<group>"; };
		1445DC6C16F97AD600EBBCCF /* Dictionary.h */ = {isa = PBXFileReference; fileEncoding = 4; lastKnownFileType = sourcecode.c.h; name = Dictionary.h; path = ../Dictionary.h; sourceTree = "<group>"; };
		1445DC6D16F97AD600EBBCCF /* Dictionary.m */ = {isa = PBXFileReference; fileEncoding = 4; lastKnownFileType = sourcecode.c.objc; name = Dictionary.m; path = ../Dictionary.m; sourceTree = "<group>"; };
		1445DC7916F97AD600EBBCCF /* Default-568h@2x.png */ = {isa = PBXFileReference; lastKnownFileType = image.png; path = "Default-568h@2x.png"; sourceTree = "<group>"; };
		1445DC7A16F97AD600EBBCCF /* Default.png */ = {isa = PBXFileReference; lastKnownFileType = image.png; path = Default.png; sourceTree = "<group>"; };
		1445DC7B16F97AD600EBBCCF /* Default@2x.png */ = {isa = PBXFileReference; lastKnownFileType = image.png; path = "Default@2x.png"; sourceTree = "<group>"; };
		1445DC7C16F97AD600EBBCCF /* shadow.png */ = {isa = PBXFileReference; lastKnownFileType = image.png; path = shadow.png; sourceTree = "<group>"; };
		1445DC7D16F97AD600EBBCCF /* shadow@2X.png */ = {isa = PBXFileReference; lastKnownFileType = image.png; path = "shadow@2X.png"; sourceTree = "<group>"; };
		1445DC7F16F97AD600EBBCCF /* bip1.aiff */ = {isa = PBXFileReference; lastKnownFileType = audio.aiff; path = bip1.aiff; sourceTree = "<group>"; };
		1445DC8016F97AD600EBBCCF /* bip2.aiff */ = {isa = PBXFileReference; lastKnownFileType = audio.aiff; path = bip2.aiff; sourceTree = "<group>"; };
		1445DCAD16F97B0700EBBCCF /* Dabble-Info.plist */ = {isa = PBXFileReference; fileEncoding = 4; lastKnownFileType = text.plist.xml; name = "Dabble-Info.plist"; path = "../Dabble-Info.plist"; sourceTree = "<group>"; };
		1445DCAF16F97B3700EBBCCF /* AppDelegate.h */ = {isa = PBXFileReference; lastKnownFileType = sourcecode.c.h; path = AppDelegate.h; sourceTree = "<group>"; };
		1445DCB016F97B3700EBBCCF /* AppDelegate.m */ = {isa = PBXFileReference; lastKnownFileType = sourcecode.c.objc; path = AppDelegate.m; sourceTree = "<group>"; };
		1445DCB116F97B3700EBBCCF /* main.m */ = {isa = PBXFileReference; lastKnownFileType = sourcecode.c.objc; path = main.m; sourceTree = "<group>"; };
		1445DCB316F97B6900EBBCCF /* Dabble-Prefix.pch */ = {isa = PBXFileReference; lastKnownFileType = sourcecode.c.h; path = "Dabble-Prefix.pch"; sourceTree = "<group>"; };
		144D9CE717042AF400F6EE15 /* Lato-Bol.ttf */ = {isa = PBXFileReference; lastKnownFileType = file; path = "Lato-Bol.ttf"; sourceTree = "<group>"; };
		145EF9F617132320007CF929 /* FontSpriteSheetManager.h */ = {isa = PBXFileReference; fileEncoding = 4; lastKnownFileType = sourcecode.c.h; path = FontSpriteSheetManager.h; sourceTree = "<group>"; };
		145EF9F717132320007CF929 /* FontSpriteSheetManager.m */ = {isa = PBXFileReference; fileEncoding = 4; lastKnownFileType = sourcecode.c.objc; path = FontSpriteSheetManager.m; sourceTree = "<group>"; };
		1464725B16D27801000C8FB4 /* Dabble.app */ = {isa = PBXFileReference; explicitFileType = wrapper.application; includeInIndex = 0; path = Dabble.app; sourceTree = BUILT_PRODUCTS_DIR; };
		1464725E16D27801000C8FB4 /* UIKit.framework */ = {isa = PBXFileReference; lastKnownFileType = wrapper.framework; name = UIKit.framework; path = System/Library/Frameworks/UIKit.framework; sourceTree = SDKROOT; };
		1464726016D27801000C8FB4 /* Foundation.framework */ = {isa = PBXFileReference; lastKnownFileType = wrapper.framework; name = Foundation.framework; path = System/Library/Frameworks/Foundation.framework; sourceTree = SDKROOT; };
		1464726216D27801000C8FB4 /* CoreGraphics.framework */ = {isa = PBXFileReference; lastKnownFileType = wrapper.framework; name = CoreGraphics.framework; path = System/Library/Frameworks/CoreGraphics.framework; sourceTree = SDKROOT; };
		146472C616D278B5000C8FB4 /* AudioToolbox.framework */ = {isa = PBXFileReference; lastKnownFileType = wrapper.framework; name = AudioToolbox.framework; path = System/Library/Frameworks/AudioToolbox.framework; sourceTree = SDKROOT; };
		146472C716D278B5000C8FB4 /* AVFoundation.framework */ = {isa = PBXFileReference; lastKnownFileType = wrapper.framework; name = AVFoundation.framework; path = System/Library/Frameworks/AVFoundation.framework; sourceTree = SDKROOT; };
		146472C816D278B5000C8FB4 /* CoreAudio.framework */ = {isa = PBXFileReference; lastKnownFileType = wrapper.framework; name = CoreAudio.framework; path = System/Library/Frameworks/CoreAudio.framework; sourceTree = SDKROOT; };
		146472C916D278B5000C8FB4 /* OpenAL.framework */ = {isa = PBXFileReference; lastKnownFileType = wrapper.framework; name = OpenAL.framework; path = System/Library/Frameworks/OpenAL.framework; sourceTree = SDKROOT; };
		146472CA16D278B5000C8FB4 /* OpenGLES.framework */ = {isa = PBXFileReference; lastKnownFileType = wrapper.framework; name = OpenGLES.framework; path = System/Library/Frameworks/OpenGLES.framework; sourceTree = SDKROOT; };
		146472CB16D278B5000C8FB4 /* QuartzCore.framework */ = {isa = PBXFileReference; lastKnownFileType = wrapper.framework; name = QuartzCore.framework; path = System/Library/Frameworks/QuartzCore.framework; sourceTree = SDKROOT; };
		146472D516D278F0000C8FB4 /* GameKit.framework */ = {isa = PBXFileReference; lastKnownFileType = wrapper.framework; name = GameKit.framework; path = System/Library/Frameworks/GameKit.framework; sourceTree = SDKROOT; };
		14668F7117887DA800C67D32 /* GLRenderer.h */ = {isa = PBXFileReference; fileEncoding = 4; lastKnownFileType = sourcecode.c.h; path = GLRenderer.h; sourceTree = "<group>"; };
		14668F7217887DA800C67D32 /* GLRenderer.m */ = {isa = PBXFileReference; fileEncoding = 4; lastKnownFileType = sourcecode.c.objc; path = GLRenderer.m; sourceTree = "<group>"; };
		1470B08D1791B5F40009D5A4 /* icon.png */ = {isa = PBXFileReference; lastKnownFileType = image.png; path = icon.png; sourceTree = "<group>"; };
		1470B08E1791B5F40009D5A4 /* icon@2X.png */ = {isa = PBXFileReference; lastKnownFileType = image.png; path = "icon@2X.png"; sourceTree = "<group>"; };
		1470B08F1791B5F40009D5A4 /* iTunesArtwork */ = {isa = PBXFileReference; lastKnownFileType = file; path = iTunesArtwork; sourceTree = "<group>"; };
		1481703E171F0A2B0058FE43 /* TextureShader.fsh */ = {isa = PBXFileReference; fileEncoding = 4; lastKnownFileType = sourcecode.glsl; path = TextureShader.fsh; sourceTree = "<group>"; };
		1481703F171F0A2B0058FE43 /* InstancedTextureShader.vsh */ = {isa = PBXFileReference; fileEncoding = 4; lastKnownFileType = sourcecode.glsl; path = InstancedTextureShader.vsh; sourceTree = "<group>"; };
		148295F11799023C00CEF2B2 /* GLButton.h */ = {isa = PBXFileReference; fileEncoding = 4; lastKnownFileType = sourcecode.c.h; path = GLButton.h; sourceTree = "<group>"; };
		148295F21799023C00CEF2B2 /* GLButton.m */ = {isa = PBXFileReference; fileEncoding = 4; lastKnownFileType = sourcecode.c.objc; path = GLButton.m; sourceTree = "<group>"; };
		148295F4179906D900CEF2B2 /* ColorShader.vsh */ = {isa = PBXFileReference; fileEncoding = 4; lastKnownFileType = sourcecode.glsl; path = ColorShader.vsh; sourceTree = "<group>"; };
		149D383A175883440067A122 /* UITouch+GLElement.h */ = {isa = PBXFileReference; fileEncoding = 4; lastKnownFileType = sourcecode.c.h; path = "UITouch+GLElement.h"; sourceTree = "<group>"; };
		149D383B175883440067A122 /* UITouch+GLElement.m */ = {isa = PBXFileReference; fileEncoding = 4; lastKnownFileType = sourcecode.c.objc; path = "UITouch+GLElement.m"; sourceTree = "<group>"; };
		149E94E2177C945E00953092 /* tile.png */ = {isa = PBXFileReference; lastKnownFileType = image.png; path = tile.png; sourceTree = "<group>"; };
		149E94E3177C945E00953092 /* tile@2X.png */ = {isa = PBXFileReference; lastKnownFileType = image.png; path = "tile@2X.png"; sourceTree = "<group>"; };
		14BAF90E17907D0200FF8407 /* StringTextureShader.fsh */ = {isa = PBXFileReference; fileEncoding = 4; lastKnownFileType = sourcecode.glsl; path = StringTextureShader.fsh; sourceTree = "<group>"; };
		14BC3F34179963E400EF5386 /* TextureShader.vsh */ = {isa = PBXFileReference; fileEncoding = 4; lastKnownFileType = sourcecode.glsl; path = TextureShader.vsh; sourceTree = "<group>"; };
		14BC3F381799AB8A00EF5386 /* CloseButton.h */ = {isa = PBXFileReference; fileEncoding = 4; lastKnownFileType = sourcecode.c.h; path = CloseButton.h; sourceTree = "<group>"; };
		14BC3F391799AB8A00EF5386 /* CloseButton.m */ = {isa = PBXFileReference; fileEncoding = 4; lastKnownFileType = sourcecode.c.objc; path = CloseButton.m; sourceTree = "<group>"; };
		14C0F4031703311100F6D422 /* NSArray+Additions.h */ = {isa = PBXFileReference; fileEncoding = 4; lastKnownFileType = sourcecode.c.h; path = "NSArray+Additions.h"; sourceTree = "<group>"; };
		14C0F4041703311100F6D422 /* NSArray+Additions.m */ = {isa = PBXFileReference; fileEncoding = 4; lastKnownFileType = sourcecode.c.objc; path = "NSArray+Additions.m"; sourceTree = "<group>"; };
		14D4248D1700255C0010657A /* sprite.png */ = {isa = PBXFileReference; lastKnownFileType = image.png; path = sprite.png; sourceTree = "<group>"; };
		14F11977170297E400721BEE /* w3 */ = {isa = PBXFileReference; fileEncoding = 4; lastKnownFileType = text; path = w3; sourceTree = "<group>"; };
		14F11978170297E400721BEE /* w4 */ = {isa = PBXFileReference; fileEncoding = 4; lastKnownFileType = text; path = w4; sourceTree = "<group>"; };
		14F11979170297E400721BEE /* w5 */ = {isa = PBXFileReference; fileEncoding = 4; lastKnownFileType = text; path = w5; sourceTree = "<group>"; };
		14F1197E1702A0A400721BEE /* DirectoryReader.h */ = {isa = PBXFileReference; fileEncoding = 4; lastKnownFileType = sourcecode.c.h; path = DirectoryReader.h; sourceTree = "<group>"; };
		14F1197F1702A0A400721BEE /* DirectoryReader.m */ = {isa = PBXFileReference; fileEncoding = 4; lastKnownFileType = sourcecode.c.objc; path = DirectoryReader.m; sourceTree = "<group>"; };
		14F119801702A0A400721BEE /* FileReader.h */ = {isa = PBXFileReference; fileEncoding = 4; lastKnownFileType = sourcecode.c.h; path = FileReader.h; sourceTree = "<group>"; };
		14F119811702A0A400721BEE /* FileReader.m */ = {isa = PBXFileReference; fileEncoding = 4; lastKnownFileType = sourcecode.c.objc; path = FileReader.m; sourceTree = "<group>"; };
		14F119821702A0A400721BEE /* NSDataExtensions.h */ = {isa = PBXFileReference; fileEncoding = 4; lastKnownFileType = sourcecode.c.h; path = NSDataExtensions.h; sourceTree = "<group>"; };
		14F119831702A0A400721BEE /* NSDataExtensions.m */ = {isa = PBXFileReference; fileEncoding = 4; lastKnownFileType = sourcecode.c.objc; path = NSDataExtensions.m; sourceTree = "<group>"; };
/* End PBXFileReference section */

/* Begin PBXFrameworksBuildPhase section */
		1464725816D27801000C8FB4 /* Frameworks */ = {
			isa = PBXFrameworksBuildPhase;
			buildActionMask = 2147483647;
			files = (
				146472D616D278F0000C8FB4 /* GameKit.framework in Frameworks */,
				146472CC16D278B5000C8FB4 /* AudioToolbox.framework in Frameworks */,
				146472CD16D278B5000C8FB4 /* AVFoundation.framework in Frameworks */,
				146472CE16D278B5000C8FB4 /* CoreAudio.framework in Frameworks */,
				146472CF16D278B5000C8FB4 /* OpenAL.framework in Frameworks */,
				146472D016D278B5000C8FB4 /* OpenGLES.framework in Frameworks */,
				146472D116D278B5000C8FB4 /* QuartzCore.framework in Frameworks */,
				1464725F16D27801000C8FB4 /* UIKit.framework in Frameworks */,
				1464726116D27801000C8FB4 /* Foundation.framework in Frameworks */,
				1464726316D27801000C8FB4 /* CoreGraphics.framework in Frameworks */,
			);
			runOnlyForDeploymentPostprocessing = 0;
		};
/* End PBXFrameworksBuildPhase section */

/* Begin PBXGroup section */
		1402C3101782E2B700A5E054 /* ActivityIndicator */ = {
			isa = PBXGroup;
			children = (
			);
			name = ActivityIndicator;
			sourceTree = "<group>";
		};
		1408EBCA1754429900462F62 /* GameStates */ = {
			isa = PBXGroup;
			children = (
				1445DC6C16F97AD600EBBCCF /* Dictionary.h */,
				1445DC6D16F97AD600EBBCCF /* Dictionary.m */,
				1408EBCB1754429900462F62 /* Match.h */,
				1408EBCC1754429900462F62 /* Match.m */,
				1408EBCD1754429900462F62 /* Round.h */,
				1408EBCE1754429900462F62 /* Round.m */,
			);
			path = GameStates;
			sourceTree = "<group>";
		};
		141CA13417888878005C1D59 /* Renderer */ = {
			isa = PBXGroup;
			children = (
				14668F7117887DA800C67D32 /* GLRenderer.h */,
				14668F7217887DA800C67D32 /* GLRenderer.m */,
				141CA13517889A1C005C1D59 /* GLRendererManager.h */,
				141CA13617889A1C005C1D59 /* GLRendererManager.m */,
			);
			name = Renderer;
			sourceTree = "<group>";
		};
		142916C71783AB9100B128EA /* GLActivityIndicator */ = {
			isa = PBXGroup;
			children = (
				142916C81783AB9100B128EA /* GLActivityIndicator.h */,
				142916C91783AB9100B128EA /* GLActivityIndicator.m */,
			);
			path = GLActivityIndicator;
			sourceTree = "<group>";
		};
		142916CB1784724C00B128EA /* Scenes */ = {
			isa = PBXGroup;
			children = (
				142916CC1784724C00B128EA /* GameScene.h */,
				142916CD1784724C00B128EA /* GameScene.m */,
				142916CF1784727200B128EA /* MainMenuScene.h */,
				142916D01784727200B128EA /* MainMenuScene.m */,
			);
			path = Scenes;
			sourceTree = "<group>";
		};
		142916D317848B6D00B128EA /* Game Controls */ = {
			isa = PBXGroup;
			children = (
				148295F01799022A00CEF2B2 /* Button */,
				142916D417848B6D00B128EA /* Tile */,
				142916D917848B6D00B128EA /* Controls */,
			);
			path = "Game Controls";
			sourceTree = "<group>";
		};
		142916D417848B6D00B128EA /* Tile */ = {
			isa = PBXGroup;
			children = (
				142916D517848B6D00B128EA /* Tile.h */,
				142916D617848B6D00B128EA /* Tile.m */,
				142916D717848B6D00B128EA /* TileControl.h */,
				142916D817848B6D00B128EA /* TileControl.m */,
			);
			path = Tile;
			sourceTree = "<group>";
		};
		142916D917848B6D00B128EA /* Controls */ = {
			isa = PBXGroup;
			children = (
				142916DC17848BC200B128EA /* ScoreControl.h */,
				142916DD17848BC200B128EA /* ScoreControl.m */,
				142916DF17858A9F00B128EA /* ElasticCounter.h */,
				142916E017858A9F00B128EA /* ElasticCounter.m */,
			);
			name = Controls;
			path = Timer;
			sourceTree = "<group>";
		};
		14362C72172F4A2F00277C93 /* NEON */ = {
			isa = PBXGroup;
			children = (
				14362C73172F4A2F00277C93 /* NEONMatrix.c */,
				14362C74172F4A2F00277C93 /* NEONMatrix.h */,
			);
			path = NEON;
			sourceTree = "<group>";
		};
		1445DC2716F97AD600EBBCCF /* Dabble */ = {
			isa = PBXGroup;
			children = (
				14362C72172F4A2F00277C93 /* NEON */,
				14F119871702B09E00721BEE /* Custom Categories */,
				14F1197D1702A0A400721BEE /* FileReader */,
				1445DC2816F97AD600EBBCCF /* 2DFramework */,
				1445DC6B16F97AD600EBBCCF /* Game Logic */,
				1445DC7716F97AD600EBBCCF /* Resources */,
			);
			path = Dabble;
			sourceTree = "<group>";
		};
		1445DC2816F97AD600EBBCCF /* 2DFramework */ = {
			isa = PBXGroup;
			children = (
				1445DC2916F97AD600EBBCCF /* Animation */,
				1445DC3016F97AD600EBBCCF /* Common */,
				1445DC3716F97AD600EBBCCF /* GLElements */,
				1445DC3C16F97AD600EBBCCF /* OpenGL Support */,
				1445DC4616F97AD600EBBCCF /* Shaders */,
				1445DC5E16F97AD600EBBCCF /* SoundManager */,
				1445DC6416F97AD600EBBCCF /* Sprites */,
			);
			path = 2DFramework;
			sourceTree = "<group>";
		};
		1445DC2916F97AD600EBBCCF /* Animation */ = {
			isa = PBXGroup;
			children = (
				1445DC2A16F97AD600EBBCCF /* Animation.h */,
				1445DC2B16F97AD600EBBCCF /* Animation.m */,
				1445DC2C16F97AD600EBBCCF /* Animator.h */,
				1445DC2D16F97AD600EBBCCF /* Animator.m */,
				1445DC2E16F97AD600EBBCCF /* EasingFunctions.h */,
				1445DC2F16F97AD600EBBCCF /* EasingFunctions.m */,
			);
			path = Animation;
			sourceTree = "<group>";
		};
		1445DC3016F97AD600EBBCCF /* Common */ = {
			isa = PBXGroup;
			children = (
				1445DC3116F97AD600EBBCCF /* GLDirector.h */,
				1445DC3216F97AD600EBBCCF /* GLDirector.m */,
				1445DC3316F97AD600EBBCCF /* GLCommon.h */,
				1445DC3516F97AD600EBBCCF /* GLScene.h */,
				1445DC3616F97AD600EBBCCF /* GLScene.m */,
				149D383A175883440067A122 /* UITouch+GLElement.h */,
				149D383B175883440067A122 /* UITouch+GLElement.m */,
			);
			path = Common;
			sourceTree = "<group>";
		};
		1445DC3716F97AD600EBBCCF /* GLElements */ = {
			isa = PBXGroup;
			children = (
				142916C71783AB9100B128EA /* GLActivityIndicator */,
				1445DC3A16F97AD600EBBCCF /* GLElement.h */,
				1445DC3B16F97AD600EBBCCF /* GLElement.m */,
			);
			path = GLElements;
			sourceTree = "<group>";
		};
		1445DC3C16F97AD600EBBCCF /* OpenGL Support */ = {
			isa = PBXGroup;
			children = (
				1445DC3D16F97AD600EBBCCF /* GraphicsFramework.h */,
				1445DC3E16F97AD600EBBCCF /* OpenGLESView.h */,
				1445DC3F16F97AD600EBBCCF /* OpenGLESView.m */,
				1445DC4016F97AD600EBBCCF /* OpenGLViewController.h */,
				1445DC4116F97AD600EBBCCF /* OpenGLViewController.m */,
				1445DC4216F97AD600EBBCCF /* Texture2D.h */,
				1445DC4316F97AD600EBBCCF /* Texture2D.m */,
				1445DC4416F97AD600EBBCCF /* TextureManager.h */,
				1445DC4516F97AD600EBBCCF /* TextureManager.m */,
			);
			path = "OpenGL Support";
			sourceTree = "<group>";
		};
		1445DC4616F97AD600EBBCCF /* Shaders */ = {
			isa = PBXGroup;
			children = (
				141CA13417888878005C1D59 /* Renderer */,
				14817039171F0A2B0058FE43 /* TextureShader */,
				1445DC4716F97AD600EBBCCF /* ColorShader */,
				1445DC4E16F97AD600EBBCCF /* GLShaderManager.h */,
				1445DC4F16F97AD600EBBCCF /* GLShaderManager.m */,
				1445DC5016F97AD600EBBCCF /* GLShaderProgram.h */,
				1445DC5116F97AD600EBBCCF /* GLShaderProgram.m */,
				1445DC5216F97AD600EBBCCF /* MVPMatrixManager.h */,
				1445DC5316F97AD600EBBCCF /* MVPMatrixManager.m */,
			);
			path = Shaders;
			sourceTree = "<group>";
		};
		1445DC4716F97AD600EBBCCF /* ColorShader */ = {
			isa = PBXGroup;
			children = (
				148295F4179906D900CEF2B2 /* ColorShader.vsh */,
				1402C311178307FC00A5E054 /* PointSpritesShader.fsh */,
				1402C312178307FC00A5E054 /* PointSpritesShader.vsh */,
				1445DC4816F97AD600EBBCCF /* ColorShader.fsh */,
				1445DC4B16F97AD600EBBCCF /* InstancedColorShader.vsh */,
			);
			path = ColorShader;
			sourceTree = "<group>";
		};
		1445DC5E16F97AD600EBBCCF /* SoundManager */ = {
			isa = PBXGroup;
			children = (
				1445DC5F16F97AD600EBBCCF /* MyOpenALSupport.c */,
				1445DC6016F97AD600EBBCCF /* MyOpenALSupport.h */,
				1445DC6116F97AD600EBBCCF /* SoundManager.h */,
				1445DC6216F97AD600EBBCCF /* SoundManager.m */,
				1445DC6316F97AD600EBBCCF /* SynthesizeSingleton.h */,
			);
			path = SoundManager;
			sourceTree = "<group>";
		};
		1445DC6416F97AD600EBBCCF /* Sprites */ = {
			isa = PBXGroup;
			children = (
				1445DC6716F97AD600EBBCCF /* FontSpriteSheet.h */,
				1445DC6816F97AD600EBBCCF /* FontSpriteSheet.m */,
				145EF9F617132320007CF929 /* FontSpriteSheetManager.h */,
				145EF9F717132320007CF929 /* FontSpriteSheetManager.m */,
			);
			path = Sprites;
			sourceTree = "<group>";
		};
		1445DC6B16F97AD600EBBCCF /* Game Logic */ = {
			isa = PBXGroup;
			children = (
				142916D317848B6D00B128EA /* Game Controls */,
				142916CB1784724C00B128EA /* Scenes */,
				1402C3101782E2B700A5E054 /* ActivityIndicator */,
				1408EBCA1754429900462F62 /* GameStates */,
				141E4AAF1738B22700A5F515 /* GCHelper.h */,
				141E4AB01738B22700A5F515 /* GCHelper.m */,
				1445DCB616F97B9400EBBCCF /* Other Files */,
			);
			path = "Game Logic";
			sourceTree = "<group>";
		};
		1445DC7716F97AD600EBBCCF /* Resources */ = {
			isa = PBXGroup;
			children = (
				141E690E179D43CC00D330A0 /* NewsGoth.ttf */,
				141E6908179CD9E000D330A0 /* close.png */,
				141E6909179CD9E000D330A0 /* close@2X.png */,
				1470B08D1791B5F40009D5A4 /* icon.png */,
				1470B08E1791B5F40009D5A4 /* icon@2X.png */,
				1470B08F1791B5F40009D5A4 /* iTunesArtwork */,
				144D9CE717042AF400F6EE15 /* Lato-Bol.ttf */,
				14F11976170297E400721BEE /* Wordslist */,
				14D4248D1700255C0010657A /* sprite.png */,
				1445DCAD16F97B0700EBBCCF /* Dabble-Info.plist */,
				1445DC7916F97AD600EBBCCF /* Default-568h@2x.png */,
				1445DC7A16F97AD600EBBCCF /* Default.png */,
				1445DC7B16F97AD600EBBCCF /* Default@2x.png */,
				149E94E2177C945E00953092 /* tile.png */,
				149E94E3177C945E00953092 /* tile@2X.png */,
				1445DC7C16F97AD600EBBCCF /* shadow.png */,
				1445DC7D16F97AD600EBBCCF /* shadow@2X.png */,
				1445DC7E16F97AD600EBBCCF /* Sounds */,
			);
			path = Resources;
			sourceTree = "<group>";
		};
		1445DC7E16F97AD600EBBCCF /* Sounds */ = {
			isa = PBXGroup;
			children = (
				1445DC7F16F97AD600EBBCCF /* bip1.aiff */,
				1445DC8016F97AD600EBBCCF /* bip2.aiff */,
			);
			path = Sounds;
			sourceTree = "<group>";
		};
		1445DCB616F97B9400EBBCCF /* Other Files */ = {
			isa = PBXGroup;
			children = (
				1445DCAF16F97B3700EBBCCF /* AppDelegate.h */,
				1445DCB016F97B3700EBBCCF /* AppDelegate.m */,
				1445DCB116F97B3700EBBCCF /* main.m */,
				1445DCB316F97B6900EBBCCF /* Dabble-Prefix.pch */,
			);
			name = "Other Files";
			path = ..;
			sourceTree = "<group>";
		};
		1464725216D27801000C8FB4 = {
			isa = PBXGroup;
			children = (
				1445DC2716F97AD600EBBCCF /* Dabble */,
				1464725D16D27801000C8FB4 /* Frameworks */,
				1464725C16D27801000C8FB4 /* Products */,
			);
			sourceTree = "<group>";
		};
		1464725C16D27801000C8FB4 /* Products */ = {
			isa = PBXGroup;
			children = (
				1464725B16D27801000C8FB4 /* Dabble.app */,
			);
			name = Products;
			sourceTree = "<group>";
		};
		1464725D16D27801000C8FB4 /* Frameworks */ = {
			isa = PBXGroup;
			children = (
				146472D516D278F0000C8FB4 /* GameKit.framework */,
				146472C616D278B5000C8FB4 /* AudioToolbox.framework */,
				146472C716D278B5000C8FB4 /* AVFoundation.framework */,
				146472C816D278B5000C8FB4 /* CoreAudio.framework */,
				146472C916D278B5000C8FB4 /* OpenAL.framework */,
				146472CA16D278B5000C8FB4 /* OpenGLES.framework */,
				146472CB16D278B5000C8FB4 /* QuartzCore.framework */,
				1464725E16D27801000C8FB4 /* UIKit.framework */,
				1464726016D27801000C8FB4 /* Foundation.framework */,
				1464726216D27801000C8FB4 /* CoreGraphics.framework */,
			);
			name = Frameworks;
			sourceTree = "<group>";
		};
		14817039171F0A2B0058FE43 /* TextureShader */ = {
			isa = PBXGroup;
			children = (
				14BC3F34179963E400EF5386 /* TextureShader.vsh */,
				14BAF90E17907D0200FF8407 /* StringTextureShader.fsh */,
				1481703E171F0A2B0058FE43 /* TextureShader.fsh */,
				1481703F171F0A2B0058FE43 /* InstancedTextureShader.vsh */,
			);
			path = TextureShader;
			sourceTree = "<group>";
		};
		148295F01799022A00CEF2B2 /* Button */ = {
			isa = PBXGroup;
			children = (
				148295F11799023C00CEF2B2 /* GLButton.h */,
				148295F21799023C00CEF2B2 /* GLButton.m */,
				14BC3F381799AB8A00EF5386 /* CloseButton.h */,
				14BC3F391799AB8A00EF5386 /* CloseButton.m */,
			);
			path = Button;
			sourceTree = "<group>";
		};
		14F11976170297E400721BEE /* Wordslist */ = {
			isa = PBXGroup;
			children = (
				14F11977170297E400721BEE /* w3 */,
				14F11978170297E400721BEE /* w4 */,
				14F11979170297E400721BEE /* w5 */,
			);
			path = Wordslist;
			sourceTree = "<group>";
		};
		14F1197D1702A0A400721BEE /* FileReader */ = {
			isa = PBXGroup;
			children = (
				14F1197E1702A0A400721BEE /* DirectoryReader.h */,
				14F1197F1702A0A400721BEE /* DirectoryReader.m */,
				14F119801702A0A400721BEE /* FileReader.h */,
				14F119811702A0A400721BEE /* FileReader.m */,
				14F119821702A0A400721BEE /* NSDataExtensions.h */,
				14F119831702A0A400721BEE /* NSDataExtensions.m */,
			);
			path = FileReader;
			sourceTree = "<group>";
		};
		14F119871702B09E00721BEE /* Custom Categories */ = {
			isa = PBXGroup;
			children = (
				14C0F4031703311100F6D422 /* NSArray+Additions.h */,
				14C0F4041703311100F6D422 /* NSArray+Additions.m */,
			);
			name = "Custom Categories";
			sourceTree = "<group>";
		};
/* End PBXGroup section */

/* Begin PBXNativeTarget section */
		1464725A16D27801000C8FB4 /* Dabble */ = {
			isa = PBXNativeTarget;
			buildConfigurationList = 1464727816D27801000C8FB4 /* Build configuration list for PBXNativeTarget "Dabble" */;
			buildPhases = (
				1464725716D27801000C8FB4 /* Sources */,
				1464725816D27801000C8FB4 /* Frameworks */,
				1464725916D27801000C8FB4 /* Resources */,
			);
			buildRules = (
			);
			dependencies = (
			);
			name = Dabble;
			productName = Dabble;
			productReference = 1464725B16D27801000C8FB4 /* Dabble.app */;
			productType = "com.apple.product-type.application";
		};
/* End PBXNativeTarget section */

/* Begin PBXProject section */
		1464725316D27801000C8FB4 /* Project object */ = {
			isa = PBXProject;
			attributes = {
				LastUpgradeCheck = 0460;
				ORGANIZATIONNAME = Rakesh;
			};
			buildConfigurationList = 1464725616D27801000C8FB4 /* Build configuration list for PBXProject "Dabble" */;
			compatibilityVersion = "Xcode 3.2";
			developmentRegion = English;
			hasScannedForEncodings = 0;
			knownRegions = (
				en,
			);
			mainGroup = 1464725216D27801000C8FB4;
			productRefGroup = 1464725C16D27801000C8FB4 /* Products */;
			projectDirPath = "";
			projectRoot = "";
			targets = (
				1464725A16D27801000C8FB4 /* Dabble */,
			);
		};
/* End PBXProject section */

/* Begin PBXResourcesBuildPhase section */
		1464725916D27801000C8FB4 /* Resources */ = {
			isa = PBXResourcesBuildPhase;
			buildActionMask = 2147483647;
			files = (
				1402C31517832EBA00A5E054 /* PointSpritesShader.fsh in Resources */,
				14BAF91017907E0200FF8407 /* StringTextureShader.fsh in Resources */,
				1402C31617832EBA00A5E054 /* PointSpritesShader.vsh in Resources */,
				1445DCA516F97AD700EBBCCF /* Default-568h@2x.png in Resources */,
				1445DCA616F97AD700EBBCCF /* Default.png in Resources */,
				1445DCBC16F97C1700EBBCCF /* InstancedColorShader.vsh in Resources */,
				1445DCA716F97AD700EBBCCF /* Default@2x.png in Resources */,
				1445DCA816F97AD700EBBCCF /* shadow.png in Resources */,
				14817045171F0A540058FE43 /* InstancedTextureShader.vsh in Resources */,
				14817044171F0A510058FE43 /* TextureShader.fsh in Resources */,
				141E690F179D43FF00D330A0 /* NewsGoth.ttf in Resources */,
				1445DCA916F97AD700EBBCCF /* shadow@2X.png in Resources */,
				14BC3F361799641100EF5386 /* TextureShader.vsh in Resources */,
				1445DCAA16F97AD700EBBCCF /* bip1.aiff in Resources */,
				144D9CE817042B3500F6EE15 /* Lato-Bol.ttf in Resources */,
				1445DCAB16F97AD700EBBCCF /* bip2.aiff in Resources */,
				1445DCAE16F97B0700EBBCCF /* Dabble-Info.plist in Resources */,
				14D4248E1700255C0010657A /* sprite.png in Resources */,
				14F1197A170297E400721BEE /* w3 in Resources */,
				14F1197B170297E400721BEE /* w4 in Resources */,
				1445DCBB16F97C1600EBBCCF /* ColorShader.fsh in Resources */,
				148295F6179906EE00CEF2B2 /* ColorShader.vsh in Resources */,
				14F1197C170297E400721BEE /* w5 in Resources */,
				149E94E4177C945E00953092 /* tile.png in Resources */,
				149E94E5177C945E00953092 /* tile@2X.png in Resources */,
				1470B0941791C13A0009D5A4 /* icon@2X.png in Resources */,
				1470B0951791C13F0009D5A4 /* icon.png in Resources */,
				141E690A179CD9E000D330A0 /* close.png in Resources */,
				141E690B179CD9E000D330A0 /* close@2X.png in Resources */,
			);
			runOnlyForDeploymentPostprocessing = 0;
		};
/* End PBXResourcesBuildPhase section */

/* Begin PBXSourcesBuildPhase section */
		1464725716D27801000C8FB4 /* Sources */ = {
			isa = PBXSourcesBuildPhase;
			buildActionMask = 2147483647;
			files = (
				1445DC8216F97AD600EBBCCF /* Animation.m in Sources */,
				1445DC8316F97AD600EBBCCF /* Animator.m in Sources */,
				1445DC8416F97AD600EBBCCF /* EasingFunctions.m in Sources */,
				1445DC8516F97AD600EBBCCF /* GLDirector.m in Sources */,
				1445DCB516F97B8900EBBCCF /* AppDelegate.m in Sources */,
				1445DCB416F97B8300EBBCCF /* main.m in Sources */,
				1445DC8616F97AD600EBBCCF /* GLScene.m in Sources */,
				1445DC9D16F97AD600EBBCCF /* FontSpriteSheet.m in Sources */,
				141E4AB11738B22700A5F515 /* GCHelper.m in Sources */,
				1445DC8816F97AD600EBBCCF /* GLElement.m in Sources */,
				1445DC8916F97AD600EBBCCF /* OpenGLESView.m in Sources */,
				141CA13717889A1C005C1D59 /* GLRendererManager.m in Sources */,
				1445DC8A16F97AD600EBBCCF /* OpenGLViewController.m in Sources */,
				1445DC8B16F97AD600EBBCCF /* Texture2D.m in Sources */,
				1445DC8C16F97AD600EBBCCF /* TextureManager.m in Sources */,
				1445DC9116F97AD600EBBCCF /* GLShaderManager.m in Sources */,
				1445DC9216F97AD600EBBCCF /* GLShaderProgram.m in Sources */,
				1445DC9316F97AD600EBBCCF /* MVPMatrixManager.m in Sources */,
				1445DC9A16F97AD600EBBCCF /* MyOpenALSupport.c in Sources */,
				1445DC9B16F97AD600EBBCCF /* SoundManager.m in Sources */,
				1445DC9F16F97AD700EBBCCF /* Dictionary.m in Sources */,
				14F119841702A0A400721BEE /* DirectoryReader.m in Sources */,
				14F119851702A0A400721BEE /* FileReader.m in Sources */,
				14F119861702A0A400721BEE /* NSDataExtensions.m in Sources */,
				145EF9F817132320007CF929 /* FontSpriteSheetManager.m in Sources */,
				14C0F4051703311100F6D422 /* NSArray+Additions.m in Sources */,
				14362C75172F4A2F00277C93 /* NEONMatrix.c in Sources */,
				1408EBCF1754429900462F62 /* Match.m in Sources */,
				1408EBD01754429900462F62 /* Round.m in Sources */,
				149D383C175883440067A122 /* UITouch+GLElement.m in Sources */,
				142916CA1783AB9100B128EA /* GLActivityIndicator.m in Sources */,
				142916CE1784724C00B128EA /* GameScene.m in Sources */,
				142916D11784727200B128EA /* MainMenuScene.m in Sources */,
				142916DE17848BC200B128EA /* ScoreControl.m in Sources */,
				142916E117858A9F00B128EA /* ElasticCounter.m in Sources */,
				14668F7317887DA800C67D32 /* GLRenderer.m in Sources */,
				142916DA17848B6D00B128EA /* Tile.m in Sources */,
				142916DB17848B6D00B128EA /* TileControl.m in Sources */,
				148295F31799023C00CEF2B2 /* GLButton.m in Sources */,
				148295F5179906D900CEF2B2 /* ColorShader.vsh in Sources */,
				14BC3F35179963E400EF5386 /* TextureShader.vsh in Sources */,
				14BC3F3A1799AB8A00EF5386 /* CloseButton.m in Sources */,
			);
			runOnlyForDeploymentPostprocessing = 0;
		};
/* End PBXSourcesBuildPhase section */

/* Begin XCBuildConfiguration section */
		1464727616D27801000C8FB4 /* Debug */ = {
			isa = XCBuildConfiguration;
			buildSettings = {
				ALWAYS_SEARCH_USER_PATHS = NO;
				CLANG_CXX_LANGUAGE_STANDARD = "gnu++0x";
				CLANG_CXX_LIBRARY = "libc++";
				CLANG_WARN_CONSTANT_CONVERSION = YES;
				CLANG_WARN_EMPTY_BODY = YES;
				CLANG_WARN_ENUM_CONVERSION = YES;
				CLANG_WARN_INT_CONVERSION = YES;
				CLANG_WARN__DUPLICATE_METHOD_MATCH = YES;
				"CODE_SIGN_IDENTITY[sdk=iphoneos*]" = "iPhone Developer";
				COPY_PHASE_STRIP = NO;
				GCC_C_LANGUAGE_STANDARD = gnu99;
				GCC_DYNAMIC_NO_PIC = NO;
				GCC_OPTIMIZATION_LEVEL = 0;
				GCC_PREPROCESSOR_DEFINITIONS = (
					"DEBUG=1",
					"$(inherited)",
				);
				GCC_SYMBOLS_PRIVATE_EXTERN = NO;
				GCC_WARN_ABOUT_RETURN_TYPE = YES;
				GCC_WARN_UNINITIALIZED_AUTOS = YES;
				GCC_WARN_UNUSED_VARIABLE = YES;
				IPHONEOS_DEPLOYMENT_TARGET = 4.3;
				ONLY_ACTIVE_ARCH = YES;
				OTHER_CFLAGS = "";
				"OTHER_CFLAGS[arch=*]" = "-mno-thumb";
				SDKROOT = iphoneos;
			};
			name = Debug;
		};
		1464727716D27801000C8FB4 /* Release */ = {
			isa = XCBuildConfiguration;
			buildSettings = {
				ALWAYS_SEARCH_USER_PATHS = NO;
				CLANG_CXX_LANGUAGE_STANDARD = "gnu++0x";
				CLANG_CXX_LIBRARY = "libc++";
				CLANG_WARN_CONSTANT_CONVERSION = YES;
				CLANG_WARN_EMPTY_BODY = YES;
				CLANG_WARN_ENUM_CONVERSION = YES;
				CLANG_WARN_INT_CONVERSION = YES;
				CLANG_WARN__DUPLICATE_METHOD_MATCH = YES;
				"CODE_SIGN_IDENTITY[sdk=iphoneos*]" = "iPhone Developer";
				COPY_PHASE_STRIP = YES;
				GCC_C_LANGUAGE_STANDARD = gnu99;
				GCC_WARN_ABOUT_RETURN_TYPE = YES;
				GCC_WARN_UNINITIALIZED_AUTOS = YES;
				GCC_WARN_UNUSED_VARIABLE = YES;
				IPHONEOS_DEPLOYMENT_TARGET = 4.3;
				OTHER_CFLAGS = (
					"-DNS_BLOCK_ASSERTIONS=1",
					"-mno-thumb",
				);
				SDKROOT = iphoneos;
				VALIDATE_PRODUCT = YES;
			};
			name = Release;
		};
		1464727916D27801000C8FB4 /* Debug */ = {
			isa = XCBuildConfiguration;
			buildSettings = {
				CODE_SIGN_IDENTITY = "iPhone Developer: Rakesh BS (5LLHNRSL7H)";
				"CODE_SIGN_IDENTITY[sdk=iphoneos*]" = "iPhone Developer: Rakesh BS (5LLHNRSL7H)";
				GCC_PRECOMPILE_PREFIX_HEADER = YES;
				GCC_PREFIX_HEADER = "Dabble/Dabble-Prefix.pch";
				INFOPLIST_FILE = "Dabble/Dabble-Info.plist";
				IPHONEOS_DEPLOYMENT_TARGET = 5.0;
				PRODUCT_NAME = "$(TARGET_NAME)";
				PROVISIONING_PROFILE = "9DC7EBA5-47DE-4BBC-BC2A-635C1190BB9C";
				"PROVISIONING_PROFILE[sdk=iphoneos*]" = "9DC7EBA5-47DE-4BBC-BC2A-635C1190BB9C";
				WRAPPER_EXTENSION = app;
			};
			name = Debug;
		};
		1464727A16D27801000C8FB4 /* Release */ = {
			isa = XCBuildConfiguration;
			buildSettings = {
				CODE_SIGN_IDENTITY = "iPhone Distribution: Rakesh BS";
				"CODE_SIGN_IDENTITY[sdk=iphoneos*]" = "iPhone Distribution: Rakesh BS";
				GCC_PRECOMPILE_PREFIX_HEADER = YES;
				GCC_PREFIX_HEADER = "Dabble/Dabble-Prefix.pch";
				INFOPLIST_FILE = "Dabble/Dabble-Info.plist";
				IPHONEOS_DEPLOYMENT_TARGET = 5.0;
				PRODUCT_NAME = "$(TARGET_NAME)";
				PROVISIONING_PROFILE = "C7A7CAA2-C3F5-4B89-A4B8-C52795E87F96";
				"PROVISIONING_PROFILE[sdk=iphoneos*]" = "C7A7CAA2-C3F5-4B89-A4B8-C52795E87F96";
				WRAPPER_EXTENSION = app;
			};
			name = Release;
		};
/* End XCBuildConfiguration section */

/* Begin XCConfigurationList section */
		1464725616D27801000C8FB4 /* Build configuration list for PBXProject "Dabble" */ = {
			isa = XCConfigurationList;
			buildConfigurations = (
				1464727616D27801000C8FB4 /* Debug */,
				1464727716D27801000C8FB4 /* Release */,
			);
			defaultConfigurationIsVisible = 0;
			defaultConfigurationName = Release;
		};
		1464727816D27801000C8FB4 /* Build configuration list for PBXNativeTarget "Dabble" */ = {
			isa = XCConfigurationList;
			buildConfigurations = (
				1464727916D27801000C8FB4 /* Debug */,
				1464727A16D27801000C8FB4 /* Release */,
			);
			defaultConfigurationIsVisible = 0;
			defaultConfigurationName = Release;
		};
/* End XCConfigurationList section */
	};
	rootObject = 1464725316D27801000C8FB4 /* Project object */;
}
